
Microsoft Visual Studio Solution File, Format Version 12.00
# Visual Studio Version 16
VisualStudioVersion = 16.0.31205.134
MinimumVisualStudioVersion = 10.0.40219.1
Project("{FAE04EC0-301F-11D3-BF4B-00C04F79EFBC}") = "PngPreProcessor", "PngPreProcessor\PngPreProcessor.csproj", "{8473047C-9606-4170-846F-140D1A077FBB}"
EndProject
Global
	GlobalSection(SolutionConfigurationPlatforms) = preSolution
		Debug|Any CPU = Debug|Any CPU
		Release|Any CPU = Release|Any CPU
	EndGlobalSection
	GlobalSection(ProjectConfigurationPlatforms) = postSolution
		{8473047C-9606-4170-846F-140D1A077FBB}.Debug|Any CPU.ActiveCfg = Debug|Any CPU
		{8473047C-9606-4170-846F-140D1A077FBB}.Debug|Any CPU.Build.0 = Debug|Any CPU
		{8473047C-9606-4170-846F-140D1A077FBB}.Release|Any CPU.ActiveCfg = Release|Any CPU
		{8473047C-9606-4170-846F-140D1A077FBB}.Release|Any CPU.Build.0 = Release|Any CPU
	EndGlobalSection
	GlobalSection(SolutionProperties) = preSolution
		HideSolutionNode = FALSE
	EndGlobalSection
	GlobalSection(ExtensibilityGlobals) = postSolution
		SolutionGuid = {98B0692A-DF6A-4A61-8CF4-B00077BA1A49}
	EndGlobalSection
EndGlobal
